
Microsoft Visual Studio Solution File, Format Version 12.00
Project("{FAE04EC0-301F-11D3-BF4B-00C04F79EFBC}") = "CotpsBot", "CotpsBot\CotpsBot\CotpsBot.csproj", "{0F9E6B4C-95BE-46DF-8296-95D99E0A6544}"
EndProject
Project("{FAE04EC0-301F-11D3-BF4B-00C04F79EFBC}") = "CotpsBot.Droid", "CotpsBot\CotpsBot.Droid\CotpsBot.Droid.csproj", "{28922008-2F9E-4DBD-A1D4-8317C23682EE}"
EndProject
Project("{FAE04EC0-301F-11D3-BF4B-00C04F79EFBC}") = "CotpsBot.iOS", "CotpsBot\CotpsBot.iOS\CotpsBot.iOS.csproj", "{91E9534D-1E60-4540-954E-3C0A6FD7575B}"
EndProject
Global
	GlobalSection(SolutionConfigurationPlatforms) = preSolution
		Debug|Any CPU = Debug|Any CPU
		Release|Any CPU = Release|Any CPU
	EndGlobalSection
	GlobalSection(ProjectConfigurationPlatforms) = postSolution
		{0F9E6B4C-95BE-46DF-8296-95D99E0A6544}.Debug|Any CPU.ActiveCfg = Debug|Any CPU
		{0F9E6B4C-95BE-46DF-8296-95D99E0A6544}.Debug|Any CPU.Build.0 = Debug|Any CPU
		{0F9E6B4C-95BE-46DF-8296-95D99E0A6544}.Release|Any CPU.ActiveCfg = Release|Any CPU
		{0F9E6B4C-95BE-46DF-8296-95D99E0A6544}.Release|Any CPU.Build.0 = Release|Any CPU
		{28922008-2F9E-4DBD-A1D4-8317C23682EE}.Debug|Any CPU.ActiveCfg = Debug|Any CPU
		{28922008-2F9E-4DBD-A1D4-8317C23682EE}.Debug|Any CPU.Build.0 = Debug|Any CPU
		{28922008-2F9E-4DBD-A1D4-8317C23682EE}.Release|Any CPU.ActiveCfg = Release|Any CPU
		{28922008-2F9E-4DBD-A1D4-8317C23682EE}.Release|Any CPU.Build.0 = Release|Any CPU
		{91E9534D-1E60-4540-954E-3C0A6FD7575B}.Debug|Any CPU.ActiveCfg = Debug|iPhoneSimulator
		{91E9534D-1E60-4540-954E-3C0A6FD7575B}.Debug|Any CPU.Build.0 = Debug|iPhoneSimulator
		{91E9534D-1E60-4540-954E-3C0A6FD7575B}.Release|Any CPU.ActiveCfg = Release|iPhoneSimulator
		{91E9534D-1E60-4540-954E-3C0A6FD7575B}.Release|Any CPU.Build.0 = Release|iPhoneSimulator
	EndGlobalSection
EndGlobal
